
Microsoft Visual Studio Solution File, Format Version 12.00
# Visual Studio Version 17
VisualStudioVersion = 17.1.32210.238
MinimumVisualStudioVersion = 10.0.40219.1
Project("{FAE04EC0-301F-11D3-BF4B-00C04F79EFBC}") = "LayerSepartion_2023_12_22", "LayerSepartion_2023_12_22\LayerSepartion_2023_12_22.csproj", "{C87C1F91-529E-43DF-90C4-3430FB30E16E}"
EndProject
Global
	GlobalSection(SolutionConfigurationPlatforms) = preSolution
		Debug|Any CPU = Debug|Any CPU
		Debug|x64 = Debug|x64
		Release|Any CPU = Release|Any CPU
		Release|x64 = Release|x64
	EndGlobalSection
	GlobalSection(ProjectConfigurationPlatforms) = postSolution
		{C87C1F91-529E-43DF-90C4-3430FB30E16E}.Debug|Any CPU.ActiveCfg = Debug|Any CPU
		{C87C1F91-529E-43DF-90C4-3430FB30E16E}.Debug|Any CPU.Build.0 = Debug|Any CPU
		{C87C1F91-529E-43DF-90C4-3430FB30E16E}.Debug|x64.ActiveCfg = Debug|x64
		{C87C1F91-529E-43DF-90C4-3430FB30E16E}.Debug|x64.Build.0 = Debug|x64
		{C87C1F91-529E-43DF-90C4-3430FB30E16E}.Release|Any CPU.ActiveCfg = Release|Any CPU
		{C87C1F91-529E-43DF-90C4-3430FB30E16E}.Release|Any CPU.Build.0 = Release|Any CPU
		{C87C1F91-529E-43DF-90C4-3430FB30E16E}.Release|x64.ActiveCfg = Release|x64
		{C87C1F91-529E-43DF-90C4-3430FB30E16E}.Release|x64.Build.0 = Release|x64
	EndGlobalSection
	GlobalSection(SolutionProperties) = preSolution
		HideSolutionNode = FALSE
	EndGlobalSection
	GlobalSection(ExtensibilityGlobals) = postSolution
		SolutionGuid = {25C95D2C-252F-44B5-A4C0-928667B436B8}
	EndGlobalSection
EndGlobal
